
Microsoft Visual Studio Solution File, Format Version 12.00
# Visual Studio 15
VisualStudioVersion = 15.0.27130.2020
MinimumVisualStudioVersion = 10.0.40219.1
Project("{2150E333-8FDC-42A3-9474-1A3956D46DE8}") = "Solution Items", "Solution Items", "{08A73B8D-92F1-4F5B-A6A7-4C7F8BE3372C}"
	ProjectSection(SolutionItems) = preProject
		appveyor.yml = appveyor.yml
		NuGet.Config = NuGet.Config
		README.md = README.md
	EndProjectSection
EndProject
Project("{2150E333-8FDC-42A3-9474-1A3956D46DE8}") = "src", "src", "{D08E9F55-D224-458D-932F-79663EDDDD3A}"
EndProject
Project("{9A19103F-16F7-4668-BE54-9A1E7A4F7556}") = "RemoveServerHeader", "src\RemoveServerHeader\RemoveServerHeader.csproj", "{60C2A787-8E0C-4116-A529-F8D77A36EC8A}"
EndProject
Global
	GlobalSection(SolutionConfigurationPlatforms) = preSolution
		Debug|Any CPU = Debug|Any CPU
		Release|Any CPU = Release|Any CPU
	EndGlobalSection
	GlobalSection(ProjectConfigurationPlatforms) = postSolution
		{60C2A787-8E0C-4116-A529-F8D77A36EC8A}.Debug|Any CPU.ActiveCfg = Debug|Any CPU
		{60C2A787-8E0C-4116-A529-F8D77A36EC8A}.Debug|Any CPU.Build.0 = Debug|Any CPU
		{60C2A787-8E0C-4116-A529-F8D77A36EC8A}.Release|Any CPU.ActiveCfg = Release|Any CPU
		{60C2A787-8E0C-4116-A529-F8D77A36EC8A}.Release|Any CPU.Build.0 = Release|Any CPU
	EndGlobalSection
	GlobalSection(SolutionProperties) = preSolution
		HideSolutionNode = FALSE
	EndGlobalSection
	GlobalSection(NestedProjects) = preSolution
		{60C2A787-8E0C-4116-A529-F8D77A36EC8A} = {D08E9F55-D224-458D-932F-79663EDDDD3A}
	EndGlobalSection
	GlobalSection(ExtensibilityGlobals) = postSolution
		SolutionGuid = {A74D3FE1-319C-4B76-97EB-6170494AAFBC}
	EndGlobalSection
EndGlobal
